
Microsoft Visual Studio Solution File, Format Version 12.00
# Visual Studio Version 17
VisualStudioVersion = 17.14.36202.13 d17.14
MinimumVisualStudioVersion = 10.0.40219.1
Project("{2150E333-8FDC-42A3-9474-1A3956D46DE8}") = "src", "src", "{36D591C7-65C7-A0D1-1CBC-10CDE441BDC8}"
EndProject
Project("{FAE04EC0-301F-11D3-BF4B-00C04F79EFBC}") = "Chat.Server", "Chat.Server\Chat.Server.csproj", "{6671720D-2B0C-47B3-B421-D471B1CCF372}"
EndProject
Project("{FAE04EC0-301F-11D3-BF4B-00C04F79EFBC}") = "Chat.Client", "Chat.Client\Chat.Client.csproj", "{F2117967-44F7-4313-93EA-59BD1667CC13}"
EndProject
Project("{FAE04EC0-301F-11D3-BF4B-00C04F79EFBC}") = "Chat.Shared", "Chat.Shared\Chat.Shared.csproj", "{03D9E083-9D71-47CF-A4D5-204BFE189C8B}"
EndProject
Project("{2150E333-8FDC-42A3-9474-1A3956D46DE8}") = "Элементы решения", "Элементы решения", "{754FC069-D67B-A9D7-50A1-8D1CA196D8F1}"
	ProjectSection(SolutionItems) = preProject
		README.md = README.md
	EndProjectSection
EndProject
Global
	GlobalSection(SolutionConfigurationPlatforms) = preSolution
		Debug|Any CPU = Debug|Any CPU
		Release|Any CPU = Release|Any CPU
	EndGlobalSection
	GlobalSection(ProjectConfigurationPlatforms) = postSolution
		{6671720D-2B0C-47B3-B421-D471B1CCF372}.Debug|Any CPU.ActiveCfg = Debug|Any CPU
		{6671720D-2B0C-47B3-B421-D471B1CCF372}.Debug|Any CPU.Build.0 = Debug|Any CPU
		{6671720D-2B0C-47B3-B421-D471B1CCF372}.Release|Any CPU.ActiveCfg = Release|Any CPU
		{6671720D-2B0C-47B3-B421-D471B1CCF372}.Release|Any CPU.Build.0 = Release|Any CPU
		{F2117967-44F7-4313-93EA-59BD1667CC13}.Debug|Any CPU.ActiveCfg = Debug|Any CPU
		{F2117967-44F7-4313-93EA-59BD1667CC13}.Debug|Any CPU.Build.0 = Debug|Any CPU
		{F2117967-44F7-4313-93EA-59BD1667CC13}.Release|Any CPU.ActiveCfg = Release|Any CPU
		{F2117967-44F7-4313-93EA-59BD1667CC13}.Release|Any CPU.Build.0 = Release|Any CPU
		{03D9E083-9D71-47CF-A4D5-204BFE189C8B}.Debug|Any CPU.ActiveCfg = Debug|Any CPU
		{03D9E083-9D71-47CF-A4D5-204BFE189C8B}.Debug|Any CPU.Build.0 = Debug|Any CPU
		{03D9E083-9D71-47CF-A4D5-204BFE189C8B}.Release|Any CPU.ActiveCfg = Release|Any CPU
		{03D9E083-9D71-47CF-A4D5-204BFE189C8B}.Release|Any CPU.Build.0 = Release|Any CPU
	EndGlobalSection
	GlobalSection(SolutionProperties) = preSolution
		HideSolutionNode = FALSE
	EndGlobalSection
	GlobalSection(NestedProjects) = preSolution
		{6671720D-2B0C-47B3-B421-D471B1CCF372} = {36D591C7-65C7-A0D1-1CBC-10CDE441BDC8}
		{F2117967-44F7-4313-93EA-59BD1667CC13} = {36D591C7-65C7-A0D1-1CBC-10CDE441BDC8}
		{03D9E083-9D71-47CF-A4D5-204BFE189C8B} = {36D591C7-65C7-A0D1-1CBC-10CDE441BDC8}
	EndGlobalSection
	GlobalSection(ExtensibilityGlobals) = postSolution
		SolutionGuid = {F13A547B-BBAC-4ECD-92C6-AFA147F62698}
	EndGlobalSection
EndGlobal
